
Microsoft Visual Studio Solution File, Format Version 12.00
# Visual Studio 15
VisualStudioVersion = 15.0.27004.2008
MinimumVisualStudioVersion = 10.0.40219.1
Project("{FAE04EC0-301F-11D3-BF4B-00C04F79EFBC}") = "AdoDotNetBestPractices", "AdoDotNetBestPractices\AdoDotNetBestPractices.csproj", "{984833D0-7D5D-4A16-96E3-854A286334F4}"
EndProject
Global
	GlobalSection(SolutionConfigurationPlatforms) = preSolution
		Debug|Any CPU = Debug|Any CPU
		Release|Any CPU = Release|Any CPU
	EndGlobalSection
	GlobalSection(ProjectConfigurationPlatforms) = postSolution
		{984833D0-7D5D-4A16-96E3-854A286334F4}.Debug|Any CPU.ActiveCfg = Debug|Any CPU
		{984833D0-7D5D-4A16-96E3-854A286334F4}.Debug|Any CPU.Build.0 = Debug|Any CPU
		{984833D0-7D5D-4A16-96E3-854A286334F4}.Release|Any CPU.ActiveCfg = Release|Any CPU
		{984833D0-7D5D-4A16-96E3-854A286334F4}.Release|Any CPU.Build.0 = Release|Any CPU
	EndGlobalSection
	GlobalSection(SolutionProperties) = preSolution
		HideSolutionNode = FALSE
	EndGlobalSection
	GlobalSection(ExtensibilityGlobals) = postSolution
		SolutionGuid = {49143FFF-C115-4793-B6BB-53710F41500D}
	EndGlobalSection
EndGlobal
